
Microsoft Visual Studio Solution File, Format Version 12.00
# Visual Studio Version 17
VisualStudioVersion = 17.9.34607.119
MinimumVisualStudioVersion = 10.0.40219.1
Project("{9A19103F-16F7-4668-BE54-9A1E7A4F7556}") = "BlazorComponentsDemo", "BlazorComponentsDemo\BlazorComponentsDemo.csproj", "{04B4D008-E99B-401D-9377-E352B47854E0}"
EndProject
Project("{9A19103F-16F7-4668-BE54-9A1E7A4F7556}") = "BlazorComponentsDemo.ComponentsLibrary", "BlazorComponentsDemo.ComponentsLibrary\BlazorComponentsDemo.ComponentsLibrary.csproj", "{3BD6C579-D2F3-4FA9-ACD8-22150F14ED74}"
EndProject
Project("{9A19103F-16F7-4668-BE54-9A1E7A4F7556}") = "BlazorComponentsDemo.DataModels", "BlazorComponentsDemo.DataModels\BlazorComponentsDemo.DataModels.csproj", "{C5263F83-A8C6-49E7-96FE-E609E892F40A}"
EndProject
Project("{9A19103F-16F7-4668-BE54-9A1E7A4F7556}") = "BlazorComponentsDemo.Server", "BlazorComponentsDemo.Server\BlazorComponentsDemo.Server.csproj", "{4A06EF3A-944E-47B1-9ABD-92B0F75A5C51}"
EndProject
Project("{FAE04EC0-301F-11D3-BF4B-00C04F79EFBC}") = "BlazorComponentsDemo.Tests", "BlazorComponentsDemo.Tests\BlazorComponentsDemo.Tests.csproj", "{A810CE38-B421-4FD9-928C-D54817B2F6B9}"
EndProject
Global
	GlobalSection(SolutionConfigurationPlatforms) = preSolution
		Debug|Any CPU = Debug|Any CPU
		Release|Any CPU = Release|Any CPU
	EndGlobalSection
	GlobalSection(ProjectConfigurationPlatforms) = postSolution
		{04B4D008-E99B-401D-9377-E352B47854E0}.Debug|Any CPU.ActiveCfg = Debug|Any CPU
		{04B4D008-E99B-401D-9377-E352B47854E0}.Debug|Any CPU.Build.0 = Debug|Any CPU
		{04B4D008-E99B-401D-9377-E352B47854E0}.Release|Any CPU.ActiveCfg = Release|Any CPU
		{04B4D008-E99B-401D-9377-E352B47854E0}.Release|Any CPU.Build.0 = Release|Any CPU
		{3BD6C579-D2F3-4FA9-ACD8-22150F14ED74}.Debug|Any CPU.ActiveCfg = Debug|Any CPU
		{3BD6C579-D2F3-4FA9-ACD8-22150F14ED74}.Debug|Any CPU.Build.0 = Debug|Any CPU
		{3BD6C579-D2F3-4FA9-ACD8-22150F14ED74}.Release|Any CPU.ActiveCfg = Release|Any CPU
		{3BD6C579-D2F3-4FA9-ACD8-22150F14ED74}.Release|Any CPU.Build.0 = Release|Any CPU
		{C5263F83-A8C6-49E7-96FE-E609E892F40A}.Debug|Any CPU.ActiveCfg = Debug|Any CPU
		{C5263F83-A8C6-49E7-96FE-E609E892F40A}.Debug|Any CPU.Build.0 = Debug|Any CPU
		{C5263F83-A8C6-49E7-96FE-E609E892F40A}.Release|Any CPU.ActiveCfg = Release|Any CPU
		{C5263F83-A8C6-49E7-96FE-E609E892F40A}.Release|Any CPU.Build.0 = Release|Any CPU
		{4A06EF3A-944E-47B1-9ABD-92B0F75A5C51}.Debug|Any CPU.ActiveCfg = Debug|Any CPU
		{4A06EF3A-944E-47B1-9ABD-92B0F75A5C51}.Debug|Any CPU.Build.0 = Debug|Any CPU
		{4A06EF3A-944E-47B1-9ABD-92B0F75A5C51}.Release|Any CPU.ActiveCfg = Release|Any CPU
		{4A06EF3A-944E-47B1-9ABD-92B0F75A5C51}.Release|Any CPU.Build.0 = Release|Any CPU
		{A810CE38-B421-4FD9-928C-D54817B2F6B9}.Debug|Any CPU.ActiveCfg = Debug|Any CPU
		{A810CE38-B421-4FD9-928C-D54817B2F6B9}.Debug|Any CPU.Build.0 = Debug|Any CPU
		{A810CE38-B421-4FD9-928C-D54817B2F6B9}.Release|Any CPU.ActiveCfg = Release|Any CPU
		{A810CE38-B421-4FD9-928C-D54817B2F6B9}.Release|Any CPU.Build.0 = Release|Any CPU
	EndGlobalSection
	GlobalSection(SolutionProperties) = preSolution
		HideSolutionNode = FALSE
	EndGlobalSection
	GlobalSection(ExtensibilityGlobals) = postSolution
		SolutionGuid = {9B40D75F-9F15-4BE6-9BEB-A234BF3502F1}
	EndGlobalSection
EndGlobal
